
Microsoft Visual Studio Solution File, Format Version 12.00
# Visual Studio Version 17
VisualStudioVersion = 17.5.33414.496
MinimumVisualStudioVersion = 10.0.40219.1
Project("{9A19103F-16F7-4668-BE54-9A1E7A4F7556}") = "NamecheapDynamicDnsPinger", "NamecheapDynamicDnsPinger\NamecheapDynamicDnsPinger.csproj", "{40B17B73-8482-4CDA-A196-771315A68C99}"
EndProject
Global
	GlobalSection(SolutionConfigurationPlatforms) = preSolution
		Debug|Any CPU = Debug|Any CPU
		Release|Any CPU = Release|Any CPU
	EndGlobalSection
	GlobalSection(ProjectConfigurationPlatforms) = postSolution
		{40B17B73-8482-4CDA-A196-771315A68C99}.Debug|Any CPU.ActiveCfg = Debug|Any CPU
		{40B17B73-8482-4CDA-A196-771315A68C99}.Debug|Any CPU.Build.0 = Debug|Any CPU
		{40B17B73-8482-4CDA-A196-771315A68C99}.Release|Any CPU.ActiveCfg = Release|Any CPU
		{40B17B73-8482-4CDA-A196-771315A68C99}.Release|Any CPU.Build.0 = Release|Any CPU
	EndGlobalSection
	GlobalSection(SolutionProperties) = preSolution
		HideSolutionNode = FALSE
	EndGlobalSection
	GlobalSection(ExtensibilityGlobals) = postSolution
		SolutionGuid = {F6ECAC23-89DA-4740-BE8C-C1F585EA4DD9}
	EndGlobalSection
EndGlobal
